{
    "version": 1,
    "dependencies": {
        "net9.0": {
            "Microsoft.AspNetCore.Authentication.JwtBearer": {
                "type": "Direct",
                "requested": "[9.0.10, )",
                "resolved": "9.0.10",
                "contentHash": "lf82sEH4eETi8DBfV7UIkAYPKJuU9OT0Xpw7OcWC5dHWNZYnxVqhT6jM3Y1Hz3yXhbhTRTmcz4U/+VfcZCBkSA==",
                "dependencies": {
                    "Microsoft.IdentityModel.Protocols.OpenIdConnect": "8.0.1"
                }
            },
            "Microsoft.AspNetCore.OpenApi": {
                "type": "Direct",
                "requested": "[9.0.10, )",
                "resolved": "9.0.10",
                "contentHash": "yAv5EDEi0Nkk75Vhxh6ppuXd/QIO8hzjGpAt/fGInMZWIX/mVwZ1IM50YFIWeLCVM8KDj0oFPQdcLeQ+9hEJsw==",
                "dependencies": {
                    "Microsoft.OpenApi": "1.6.17"
                }
            },
            "Microsoft.EntityFrameworkCore": {
                "type": "Direct",
                "requested": "[9.0.10, )",
                "resolved": "9.0.10",
                "contentHash": "WjjxVyOTVs85V7SUe+lZjtGOEeVzF4RO8amrqL4adgbyThNq7vGCFzPw8buZj44gHeQYD5V/uZ/6XuqG9Jq+kA==",
                "dependencies": {
                    "Microsoft.EntityFrameworkCore.Abstractions": "9.0.10",
                    "Microsoft.EntityFrameworkCore.Analyzers": "9.0.10",
                    "Microsoft.Extensions.Caching.Memory": "9.0.10",
                    "Microsoft.Extensions.Logging": "9.0.10"
                }
            },
            "Microsoft.EntityFrameworkCore.Abstractions": {
                "type": "Direct",
                "requested": "[9.0.10, )",
                "resolved": "9.0.10",
                "contentHash": "I3TWAs5Lbzmzu8S0T6qXhzBiO3CznYLrfE59W0npkqNHfWGH8CgA66LrHMWxWOXVTD4145QwYqiWNCdLwpJ1Ew=="
            },
            "Microsoft.EntityFrameworkCore.Analyzers": {
                "type": "Direct",
                "requested": "[9.0.10, )",
                "resolved": "9.0.10",
                "contentHash": "mXNl0Gg3l3zGrClLCHepB+b7rYVuFfB9qQJwya0dUSHFuR1T0jMD8KxuNVyhQSfoWIepanhzjcG8TUNGXOcU0Q=="
            },
            "Microsoft.EntityFrameworkCore.Design": {
                "type": "Direct",
                "requested": "[9.0.10, )",
                "resolved": "9.0.10",
                "contentHash": "8rdqmG0cV8uHPkX26rSQbGljzGJC7+sfWDXyV0f6TuR0YkUR46ztzH//xNTnB9zgEs6NUyOemAcspmkucH0pcw==",
                "dependencies": {
                    "Humanizer.Core": "2.14.1",
                    "Microsoft.Build.Framework": "17.8.3",
                    "Microsoft.Build.Locator": "1.7.8",
                    "Microsoft.CodeAnalysis.CSharp": "4.8.0",
                    "Microsoft.CodeAnalysis.CSharp.Workspaces": "4.8.0",
                    "Microsoft.CodeAnalysis.Workspaces.MSBuild": "4.8.0",
                    "Microsoft.EntityFrameworkCore.Relational": "9.0.10",
                    "Microsoft.Extensions.Caching.Memory": "9.0.10",
                    "Microsoft.Extensions.Configuration.Abstractions": "9.0.10",
                    "Microsoft.Extensions.DependencyModel": "9.0.10",
                    "Microsoft.Extensions.Logging": "9.0.10",
                    "Mono.TextTemplating": "3.0.0",
                    "System.Text.Json": "9.0.10"
                }
            },
            "Microsoft.EntityFrameworkCore.Relational": {
                "type": "Direct",
                "requested": "[9.0.10, )",
                "resolved": "9.0.10",
                "contentHash": "IJNrG5vdmFUvHR8FLLFg9AWpuE8qW1DTEN+fNLGbNTu6cnpZzzqU6+aknAGtTSAEVWosJ3BZ3TOO9wpifUvv3A==",
                "dependencies": {
                    "Microsoft.EntityFrameworkCore": "9.0.10",
                    "Microsoft.Extensions.Caching.Memory": "9.0.10",
                    "Microsoft.Extensions.Configuration.Abstractions": "9.0.10",
                    "Microsoft.Extensions.Logging": "9.0.10"
                }
            },
            "Microsoft.EntityFrameworkCore.Tools": {
                "type": "Direct",
                "requested": "[9.0.10, )",
                "resolved": "9.0.10",
                "contentHash": "lFM5KSu1CCla1+wzhjwo5Ex/idUxbdZApKD9yNUbmcCBgW1SJ8E8mz7ECOf5gaCjjjII8f5ztJAmUt5Ez8koAQ==",
                "dependencies": {
                    "Microsoft.EntityFrameworkCore.Design": "9.0.10"
                }
            },
            "Microsoft.NET.ILLink.Tasks": {
                "type": "Direct",
                "requested": "[9.0.11, )",
                "resolved": "9.0.11",
                "contentHash": "vvB9rtDmWaXgYkViT00KORBVmA3pcYsHlgd9vOPqL9sf5bKy3rvLMF1+sI1uUfVj28S3itirHlHmX5/kcpZKNw=="
            },
            "Npgsql": {
                "type": "Direct",
                "requested": "[9.0.4, )",
                "resolved": "9.0.4",
                "contentHash": "68BASXH0FAEuL/J4J0eRfYC8/3vzqQTmoW8zDzNf0JgaVxc7LZeEkS6jaG0ib3voFLxY5ZiCwJG+uQM+mzuu0Q==",
                "dependencies": {
                    "Microsoft.Extensions.Logging.Abstractions": "8.0.2"
                }
            },
            "Npgsql.EntityFrameworkCore.PostgreSQL": {
                "type": "Direct",
                "requested": "[9.0.4, )",
                "resolved": "9.0.4",
                "contentHash": "mw5vcY2IEc7L+IeGrxpp/J5OSnCcjkjAgJYCm/eD52wpZze8zsSifdqV7zXslSMmfJG2iIUGZyo3KuDtEFKwMQ==",
                "dependencies": {
                    "Microsoft.EntityFrameworkCore": "[9.0.1, 10.0.0)",
                    "Microsoft.EntityFrameworkCore.Relational": "[9.0.1, 10.0.0)",
                    "Npgsql": "9.0.3"
                }
            },
            "OpenTelemetry": {
                "type": "Direct",
                "requested": "[1.14.0, )",
                "resolved": "1.14.0",
                "contentHash": "aiPBAr1+0dPDItH++MQQr5UgMf4xiybruzNlAoYYMYN3UUk+mGRcoKuZy4Z4rhhWUZIpK2Xhe7wUUXSTM32duQ==",
                "dependencies": {
                    "Microsoft.Extensions.Diagnostics.Abstractions": "9.0.0",
                    "Microsoft.Extensions.Logging.Configuration": "9.0.0",
                    "OpenTelemetry.Api.ProviderBuilderExtensions": "1.14.0"
                }
            },
            "OpenTelemetry.Api": {
                "type": "Direct",
                "requested": "[1.14.0, )",
                "resolved": "1.14.0",
                "contentHash": "foHci6viUw1f3gUB8qzz3Rk02xZIWMo299X0rxK0MoOWok/3dUVru+KKdY7WIoSHwRGpxGKkmAz9jIk2RFNbsQ==",
                "dependencies": {
                    "System.Diagnostics.DiagnosticSource": "10.0.0"
                }
            },
            "OpenTelemetry.Exporter.Console": {
                "type": "Direct",
                "requested": "[1.14.0, )",
                "resolved": "1.14.0",
                "contentHash": "u0ekKB603NBrll76bK/wkLTnD/bl+5QMrXZKOA6oW+H383E2z5gfaWSrwof94URuvTFrtWRQcLKH+hhPykfM2w==",
                "dependencies": {
                    "OpenTelemetry": "1.14.0"
                }
            },
            "OpenTelemetry.Exporter.OpenTelemetryProtocol": {
                "type": "Direct",
                "requested": "[1.14.0, )",
                "resolved": "1.14.0",
                "contentHash": "7ELExeje+T/KOywHuHwZBGQNtYlepUaYRFXWgoEaT1iKpFJVwOlE1Y2+uqHI2QQmah0Ue+XgRmDy924vWHfJ6Q==",
                "dependencies": {
                    "OpenTelemetry": "1.14.0"
                }
            },
            "OpenTelemetry.Extensions.Hosting": {
                "type": "Direct",
                "requested": "[1.14.0, )",
                "resolved": "1.14.0",
                "contentHash": "ZAxkCIa3Q3YWZ1sGrolXfkhPqn2PFSz2Cel74em/fATZgY5ixlw6MQp2icmqKCz4C7M1W2G0b92K3rX8mOtFRg==",
                "dependencies": {
                    "Microsoft.Extensions.Hosting.Abstractions": "9.0.0",
                    "OpenTelemetry": "1.14.0"
                }
            },
            "OpenTelemetry.Instrumentation.AspNetCore": {
                "type": "Direct",
                "requested": "[1.14.0, )",
                "resolved": "1.14.0",
                "contentHash": "NQAQpFa3a4ofPUYwxcwtNPGpuRNwwx1HM7MnLEESYjYkhfhER+PqqGywW65rWd7bJEc1/IaL+xbmHH99pYDE0A==",
                "dependencies": {
                    "OpenTelemetry.Api.ProviderBuilderExtensions": "[1.14.0, 2.0.0)"
                }
            },
            "OpenTelemetry.Instrumentation.EntityFrameworkCore": {
                "type": "Direct",
                "requested": "[1.14.0-beta.2, )",
                "resolved": "1.14.0-beta.2",
                "contentHash": "XsxsKgMuwi84TWkPN98H8FLOO/yW8vWIo/lxXQ8kWXastTI58+A4nmlFderFPmpLc+tvyhOGjHDlTK/AXWWOpQ==",
                "dependencies": {
                    "Microsoft.Extensions.Configuration": "8.0.0",
                    "Microsoft.Extensions.Options": "8.0.0",
                    "OpenTelemetry.Api.ProviderBuilderExtensions": "[1.14.0, 2.0.0)"
                }
            },
            "OpenTelemetry.Instrumentation.Http": {
                "type": "Direct",
                "requested": "[1.14.0, )",
                "resolved": "1.14.0",
                "contentHash": "uH8X1fYnywrgaUrSbemKvFiFkBwY7ZbBU7Wh4A/ORQmdpF3G/5STidY4PlK4xYuIv9KkdMXH/vkpvzQcayW70g==",
                "dependencies": {
                    "Microsoft.Extensions.Configuration": "8.0.0",
                    "Microsoft.Extensions.Options": "8.0.0",
                    "OpenTelemetry.Api.ProviderBuilderExtensions": "[1.14.0, 2.0.0)"
                }
            },
            "OpenTelemetry.Instrumentation.Runtime": {
                "type": "Direct",
                "requested": "[1.14.0, )",
                "resolved": "1.14.0",
                "contentHash": "Z6o4JDOQaKv6bInAYZxuyxxfMKr6hFpwLnKEgQ+q+oBNA9Fm1sysjFCOzRzk7U0WD86LsRPXX+chv1vJIg7cfg==",
                "dependencies": {
                    "OpenTelemetry.Api": "[1.14.0, 2.0.0)"
                }
            },
            "Scalar.AspNetCore": {
                "type": "Direct",
                "requested": "[2.10.1, )",
                "resolved": "2.10.1",
                "contentHash": "G0lG8iDaxhGa5+m5BsG6oW+6VV1XOZPQmHTpRriYZEQpzg9gQMBzR5sFKxiun8BUEdpYzf9NRv9Y/0NOjb+iZQ=="
            },
            "Humanizer.Core": {
                "type": "Transitive",
                "resolved": "2.14.1",
                "contentHash": "lQKvtaTDOXnoVJ20ibTuSIOf2i0uO0MPbDhd1jm238I+U/2ZnRENj0cktKZhtchBMtCUSRQ5v4xBCUbKNmyVMw=="
            },
            "Microsoft.Bcl.AsyncInterfaces": {
                "type": "Transitive",
                "resolved": "7.0.0",
                "contentHash": "3aeMZ1N0lJoSyzqiP03hqemtb1BijhsJADdobn/4nsMJ8V1H+CrpuduUe4hlRdx+ikBQju1VGjMD1GJ3Sk05Eg=="
            },
            "Microsoft.Build.Framework": {
                "type": "Transitive",
                "resolved": "17.8.3",
                "contentHash": "NrQZJW8TlKVPx72yltGb8SVz3P5mNRk9fNiD/ao8jRSk48WqIIdCn99q4IjlVmPcruuQ+yLdjNQLL8Rb4c916g=="
            },
            "Microsoft.Build.Locator": {
                "type": "Transitive",
                "resolved": "1.7.8",
                "contentHash": "sPy10x527Ph16S2u0yGME4S6ohBKJ69WfjeGG/bvELYeZVmJdKjxgnlL8cJJJLGV/cZIRqSfB12UDB8ICakOog=="
            },
            "Microsoft.CodeAnalysis.Analyzers": {
                "type": "Transitive",
                "resolved": "3.3.4",
                "contentHash": "AxkxcPR+rheX0SmvpLVIGLhOUXAKG56a64kV9VQZ4y9gR9ZmPXnqZvHJnmwLSwzrEP6junUF11vuc+aqo5r68g=="
            },
            "Microsoft.CodeAnalysis.Common": {
                "type": "Transitive",
                "resolved": "4.8.0",
                "contentHash": "/jR+e/9aT+BApoQJABlVCKnnggGQbvGh7BKq2/wI1LamxC+LbzhcLj4Vj7gXCofl1n4E521YfF9w0WcASGg/KA==",
                "dependencies": {
                    "Microsoft.CodeAnalysis.Analyzers": "3.3.4",
                    "System.Collections.Immutable": "7.0.0",
                    "System.Reflection.Metadata": "7.0.0",
                    "System.Runtime.CompilerServices.Unsafe": "6.0.0"
                }
            },
            "Microsoft.CodeAnalysis.CSharp": {
                "type": "Transitive",
                "resolved": "4.8.0",
                "contentHash": "+3+qfdb/aaGD8PZRCrsdobbzGs1m9u119SkkJt8e/mk3xLJz/udLtS2T6nY27OTXxBBw10HzAbC8Z9w08VyP/g==",
                "dependencies": {
                    "Microsoft.CodeAnalysis.Common": "[4.8.0]"
                }
            },
            "Microsoft.CodeAnalysis.CSharp.Workspaces": {
                "type": "Transitive",
                "resolved": "4.8.0",
                "contentHash": "3amm4tq4Lo8/BGvg9p3BJh3S9nKq2wqCXfS7138i69TUpo/bD+XvD0hNurpEBtcNZhi1FyutiomKJqVF39ugYA==",
                "dependencies": {
                    "Humanizer.Core": "2.14.1",
                    "Microsoft.CodeAnalysis.CSharp": "[4.8.0]",
                    "Microsoft.CodeAnalysis.Common": "[4.8.0]",
                    "Microsoft.CodeAnalysis.Workspaces.Common": "[4.8.0]"
                }
            },
            "Microsoft.CodeAnalysis.Workspaces.Common": {
                "type": "Transitive",
                "resolved": "4.8.0",
                "contentHash": "LXyV+MJKsKRu3FGJA3OmSk40OUIa/dQCFLOnm5X8MNcujx7hzGu8o+zjXlb/cy5xUdZK2UKYb9YaQ2E8m9QehQ==",
                "dependencies": {
                    "Humanizer.Core": "2.14.1",
                    "Microsoft.Bcl.AsyncInterfaces": "7.0.0",
                    "Microsoft.CodeAnalysis.Common": "[4.8.0]",
                    "System.Composition": "7.0.0",
                    "System.IO.Pipelines": "7.0.0",
                    "System.Threading.Channels": "7.0.0"
                }
            },
            "Microsoft.CodeAnalysis.Workspaces.MSBuild": {
                "type": "Transitive",
                "resolved": "4.8.0",
                "contentHash": "IEYreI82QZKklp54yPHxZNG9EKSK6nHEkeuf+0Asie9llgS1gp0V1hw7ODG+QyoB7MuAnNQHmeV1Per/ECpv6A==",
                "dependencies": {
                    "Microsoft.Build.Framework": "16.10.0",
                    "Microsoft.CodeAnalysis.Common": "[4.8.0]",
                    "Microsoft.CodeAnalysis.Workspaces.Common": "[4.8.0]",
                    "System.Text.Json": "7.0.3"
                }
            },
            "Microsoft.Extensions.Caching.Abstractions": {
                "type": "Transitive",
                "resolved": "9.0.10",
                "contentHash": "cL6iTxgJ4u5zP3eFOdBiDAtmE/B2WKTRhyJfEne7n6qvHpsMwwIDxljs210mWSO1ucBy7lR1Lo7/7kjeZeLcqQ==",
                "dependencies": {
                    "Microsoft.Extensions.Primitives": "9.0.10"
                }
            },
            "Microsoft.Extensions.Caching.Memory": {
                "type": "Transitive",
                "resolved": "9.0.10",
                "contentHash": "2iuzwIoCoqZJfH2VLk1xvlQS4PQDEuhj4dWiGb+Qpt1vHFHyffp497cTO6ucsV54W/h4JmM1vzDBv8pVAFazZg==",
                "dependencies": {
                    "Microsoft.Extensions.Caching.Abstractions": "9.0.10",
                    "Microsoft.Extensions.DependencyInjection.Abstractions": "9.0.10",
                    "Microsoft.Extensions.Logging.Abstractions": "9.0.10",
                    "Microsoft.Extensions.Options": "9.0.10",
                    "Microsoft.Extensions.Primitives": "9.0.10"
                }
            },
            "Microsoft.Extensions.Configuration": {
                "type": "Transitive",
                "resolved": "9.0.0",
                "contentHash": "YIMO9T3JL8MeEXgVozKt2v79hquo/EFtnY0vgxmLnUvk1Rei/halI7kOWZL2RBeV9FMGzgM9LZA8CVaNwFMaNA==",
                "dependencies": {
                    "Microsoft.Extensions.Configuration.Abstractions": "9.0.0",
                    "Microsoft.Extensions.Primitives": "9.0.0"
                }
            },
            "Microsoft.Extensions.Configuration.Abstractions": {
                "type": "Transitive",
                "resolved": "9.0.10",
                "contentHash": "ad3JxmFj0uxuFa1CT6oxTCC1lQ0xeRuOvzBRFT/I/ofIXVOnNsH/v2GZkAJWhlpZqKUvSexQZzp3EEAB2CdtJg==",
                "dependencies": {
                    "Microsoft.Extensions.Primitives": "9.0.10"
                }
            },
            "Microsoft.Extensions.Configuration.Binder": {
                "type": "Transitive",
                "resolved": "9.0.0",
                "contentHash": "RiScL99DcyngY9zJA2ROrri7Br8tn5N4hP4YNvGdTN/bvg1A3dwvDOxHnNZ3Im7x2SJ5i4LkX1uPiR/MfSFBLQ==",
                "dependencies": {
                    "Microsoft.Extensions.Configuration.Abstractions": "9.0.0"
                }
            },
            "Microsoft.Extensions.DependencyInjection": {
                "type": "Transitive",
                "resolved": "9.0.10",
                "contentHash": "iEtXCkNd5XhjNJAOb/wO4IhDRdLIE2CsPxZggZQWJ/q2+sa8dmEPC393nnsiqdH8/4KV8Xn25IzgKPR1UEQ0og==",
                "dependencies": {
                    "Microsoft.Extensions.DependencyInjection.Abstractions": "9.0.10"
                }
            },
            "Microsoft.Extensions.DependencyInjection.Abstractions": {
                "type": "Transitive",
                "resolved": "9.0.10",
                "contentHash": "r9waLiOPe9ZF1PvzUT+RDoHvpMmY8MW+lb4lqjYGObwKpnyPMLI3odVvlmshwuZcdoHynsGWOrCPA0hxZ63lIA=="
            },
            "Microsoft.Extensions.DependencyModel": {
                "type": "Transitive",
                "resolved": "9.0.10",
                "contentHash": "qCIWxEPt6Y9Z/Vx2R6JsfX7pwxIHC2GYlkcFbTox3MpsiNexyLkvPFTNsfmAaKpjTZ6FhNmvY3BdrwLX4+X0cQ=="
            },
            "Microsoft.Extensions.Diagnostics.Abstractions": {
                "type": "Transitive",
                "resolved": "9.0.0",
                "contentHash": "1K8P7XzuzX8W8pmXcZjcrqS6x5eSSdvhQohmcpgiQNY/HlDAlnrhR9dvlURfFz428A+RTCJpUyB+aKTA6AgVcQ==",
                "dependencies": {
                    "Microsoft.Extensions.DependencyInjection.Abstractions": "9.0.0",
                    "Microsoft.Extensions.Options": "9.0.0"
                }
            },
            "Microsoft.Extensions.FileProviders.Abstractions": {
                "type": "Transitive",
                "resolved": "9.0.0",
                "contentHash": "uK439QzYR0q2emLVtYzwyK3x+T5bTY4yWsd/k/ZUS9LR6Sflp8MIdhGXW8kQCd86dQD4tLqvcbLkku8qHY263Q==",
                "dependencies": {
                    "Microsoft.Extensions.Primitives": "9.0.0"
                }
            },
            "Microsoft.Extensions.Hosting.Abstractions": {
                "type": "Transitive",
                "resolved": "9.0.0",
                "contentHash": "yUKJgu81ExjvqbNWqZKshBbLntZMbMVz/P7Way2SBx7bMqA08Mfdc9O7hWDKAiSp+zPUGT6LKcSCQIPeDK+CCw==",
                "dependencies": {
                    "Microsoft.Extensions.Configuration.Abstractions": "9.0.0",
                    "Microsoft.Extensions.DependencyInjection.Abstractions": "9.0.0",
                    "Microsoft.Extensions.Diagnostics.Abstractions": "9.0.0",
                    "Microsoft.Extensions.FileProviders.Abstractions": "9.0.0",
                    "Microsoft.Extensions.Logging.Abstractions": "9.0.0"
                }
            },
            "Microsoft.Extensions.Logging": {
                "type": "Transitive",
                "resolved": "9.0.10",
                "contentHash": "UBXHqE9vyptVhaFnT1R7YJKCve7TqVI10yjjUZBNGMlW2lZ4c031Slt9hxsOzWCzlpPxxIFyf1Yk4a6Iubxx7w==",
                "dependencies": {
                    "Microsoft.Extensions.DependencyInjection": "9.0.10",
                    "Microsoft.Extensions.Logging.Abstractions": "9.0.10",
                    "Microsoft.Extensions.Options": "9.0.10"
                }
            },
            "Microsoft.Extensions.Logging.Abstractions": {
                "type": "Transitive",
                "resolved": "9.0.10",
                "contentHash": "MFUPv/nN1rAQ19w43smm6bbf0JDYN/1HEPHoiMYY50pvDMFpglzWAuoTavByDmZq7UuhjaxwrET3joU69ZHoHQ==",
                "dependencies": {
                    "Microsoft.Extensions.DependencyInjection.Abstractions": "9.0.10"
                }
            },
            "Microsoft.Extensions.Logging.Configuration": {
                "type": "Transitive",
                "resolved": "9.0.0",
                "contentHash": "H05HiqaNmg6GjH34ocYE9Wm1twm3Oz2aXZko8GTwGBzM7op2brpAA8pJ5yyD1OpS1mXUtModBYOlcZ/wXeWsSg==",
                "dependencies": {
                    "Microsoft.Extensions.Configuration": "9.0.0",
                    "Microsoft.Extensions.Configuration.Abstractions": "9.0.0",
                    "Microsoft.Extensions.Configuration.Binder": "9.0.0",
                    "Microsoft.Extensions.DependencyInjection.Abstractions": "9.0.0",
                    "Microsoft.Extensions.Logging": "9.0.0",
                    "Microsoft.Extensions.Logging.Abstractions": "9.0.0",
                    "Microsoft.Extensions.Options": "9.0.0",
                    "Microsoft.Extensions.Options.ConfigurationExtensions": "9.0.0"
                }
            },
            "Microsoft.Extensions.Options": {
                "type": "Transitive",
                "resolved": "9.0.10",
                "contentHash": "zMNABt8eBv0B0XrWjFy9nZNgddavaOeq3ZdaD5IlHhRH65MrU7HM+Hd8GjWE3e2VDGFPZFfSAc6XVXC17f9fOA==",
                "dependencies": {
                    "Microsoft.Extensions.DependencyInjection.Abstractions": "9.0.10",
                    "Microsoft.Extensions.Primitives": "9.0.10"
                }
            },
            "Microsoft.Extensions.Options.ConfigurationExtensions": {
                "type": "Transitive",
                "resolved": "9.0.0",
                "contentHash": "Ob3FXsXkcSMQmGZi7qP07EQ39kZpSBlTcAZLbJLdI4FIf0Jug8biv2HTavWmnTirchctPlq9bl/26CXtQRguzA==",
                "dependencies": {
                    "Microsoft.Extensions.Configuration.Abstractions": "9.0.0",
                    "Microsoft.Extensions.Configuration.Binder": "9.0.0",
                    "Microsoft.Extensions.DependencyInjection.Abstractions": "9.0.0",
                    "Microsoft.Extensions.Options": "9.0.0",
                    "Microsoft.Extensions.Primitives": "9.0.0"
                }
            },
            "Microsoft.Extensions.Primitives": {
                "type": "Transitive",
                "resolved": "9.0.10",
                "contentHash": "3pl8D1O5ZwMpDkZAT2uXrhQ6NipkwEgDLMFuURiHTf72TvkoMP61QYH3Vk1yrzVHnHBdNZk3cQACz8Zc7YGNhQ=="
            },
            "Microsoft.IdentityModel.Abstractions": {
                "type": "Transitive",
                "resolved": "8.0.1",
                "contentHash": "OtlIWcyX01olfdevPKZdIPfBEvbcioDyBiE/Z2lHsopsMD7twcKtlN9kMevHmI5IIPhFpfwCIiR6qHQz1WHUIw=="
            },
            "Microsoft.IdentityModel.JsonWebTokens": {
                "type": "Transitive",
                "resolved": "8.0.1",
                "contentHash": "s6++gF9x0rQApQzOBbSyp4jUaAlwm+DroKfL8gdOHxs83k8SJfUXhuc46rDB3rNXBQ1MVRxqKUrqFhO/M0E97g==",
                "dependencies": {
                    "Microsoft.IdentityModel.Tokens": "8.0.1"
                }
            },
            "Microsoft.IdentityModel.Logging": {
                "type": "Transitive",
                "resolved": "8.0.1",
                "contentHash": "UCPF2exZqBXe7v/6sGNiM6zCQOUXXQ9+v5VTb9gPB8ZSUPnX53BxlN78v2jsbIvK9Dq4GovQxo23x8JgWvm/Qg==",
                "dependencies": {
                    "Microsoft.IdentityModel.Abstractions": "8.0.1"
                }
            },
            "Microsoft.IdentityModel.Protocols": {
                "type": "Transitive",
                "resolved": "8.0.1",
                "contentHash": "uA2vpKqU3I2mBBEaeJAWPTjT9v1TZrGWKdgK6G5qJd03CLx83kdiqO9cmiK8/n1erkHzFBwU/RphP83aAe3i3g==",
                "dependencies": {
                    "Microsoft.IdentityModel.Tokens": "8.0.1"
                }
            },
            "Microsoft.IdentityModel.Protocols.OpenIdConnect": {
                "type": "Transitive",
                "resolved": "8.0.1",
                "contentHash": "AQDbfpL+yzuuGhO/mQhKNsp44pm5Jv8/BI4KiFXR7beVGZoSH35zMV3PrmcfvSTsyI6qrcR898NzUauD6SRigg==",
                "dependencies": {
                    "Microsoft.IdentityModel.Protocols": "8.0.1",
                    "System.IdentityModel.Tokens.Jwt": "8.0.1"
                }
            },
            "Microsoft.IdentityModel.Tokens": {
                "type": "Transitive",
                "resolved": "8.0.1",
                "contentHash": "kDimB6Dkd3nkW2oZPDkMkVHfQt3IDqO5gL0oa8WVy3OP4uE8Ij+8TXnqg9TOd9ufjsY3IDiGz7pCUbnfL18tjg==",
                "dependencies": {
                    "Microsoft.IdentityModel.Logging": "8.0.1"
                }
            },
            "Microsoft.OpenApi": {
                "type": "Transitive",
                "resolved": "1.6.17",
                "contentHash": "Le+kehlmrlQfuDFUt1zZ2dVwrhFQtKREdKBo+rexOwaCoYP0/qpgT9tLxCsZjsgR5Itk1UKPcbgO+FyaNid/bA=="
            },
            "Mono.TextTemplating": {
                "type": "Transitive",
                "resolved": "3.0.0",
                "contentHash": "YqueG52R/Xej4VVbKuRIodjiAhV0HR/XVbLbNrJhCZnzjnSjgMJ/dCdV0akQQxavX6hp/LC6rqLGLcXeQYU7XA==",
                "dependencies": {
                    "System.CodeDom": "6.0.0"
                }
            },
            "OpenTelemetry.Api.ProviderBuilderExtensions": {
                "type": "Transitive",
                "resolved": "1.14.0",
                "contentHash": "i/lxOM92v+zU5I0rGl5tXAGz6EJtxk2MvzZ0VN6F6L5pMqT6s6RCXnGWXg6fW+vtZJsllBlQaf/VLPTzgefJpg==",
                "dependencies": {
                    "Microsoft.Extensions.DependencyInjection.Abstractions": "9.0.0",
                    "OpenTelemetry.Api": "1.14.0"
                }
            },
            "System.CodeDom": {
                "type": "Transitive",
                "resolved": "6.0.0",
                "contentHash": "CPc6tWO1LAer3IzfZufDBRL+UZQcj5uS207NHALQzP84Vp/z6wF0Aa0YZImOQY8iStY0A2zI/e3ihKNPfUm8XA=="
            },
            "System.Collections.Immutable": {
                "type": "Transitive",
                "resolved": "7.0.0",
                "contentHash": "dQPcs0U1IKnBdRDBkrCTi1FoajSTBzLcVTpjO4MBCMC7f4pDOIPzgBoX8JjG7X6uZRJ8EBxsi8+DR1JuwjnzOQ=="
            },
            "System.Composition": {
                "type": "Transitive",
                "resolved": "7.0.0",
                "contentHash": "tRwgcAkDd85O8Aq6zHDANzQaq380cek9lbMg5Qma46u5BZXq/G+XvIYmu+UI+BIIZ9zssXLYrkTykEqxxvhcmg==",
                "dependencies": {
                    "System.Composition.AttributedModel": "7.0.0",
                    "System.Composition.Convention": "7.0.0",
                    "System.Composition.Hosting": "7.0.0",
                    "System.Composition.Runtime": "7.0.0",
                    "System.Composition.TypedParts": "7.0.0"
                }
            },
            "System.Composition.AttributedModel": {
                "type": "Transitive",
                "resolved": "7.0.0",
                "contentHash": "2QzClqjElKxgI1jK1Jztnq44/8DmSuTSGGahXqQ4TdEV0h9s2KikQZIgcEqVzR7OuWDFPGLHIprBJGQEPr8fAQ=="
            },
            "System.Composition.Convention": {
                "type": "Transitive",
                "resolved": "7.0.0",
                "contentHash": "IMhTlpCs4HmlD8B+J8/kWfwX7vrBBOs6xyjSTzBlYSs7W4OET4tlkR/Sg9NG8jkdJH9Mymq0qGdYS1VPqRTBnQ==",
                "dependencies": {
                    "System.Composition.AttributedModel": "7.0.0"
                }
            },
            "System.Composition.Hosting": {
                "type": "Transitive",
                "resolved": "7.0.0",
                "contentHash": "eB6gwN9S+54jCTBJ5bpwMOVerKeUfGGTYCzz3QgDr1P55Gg/Wb27ShfPIhLMjmZ3MoAKu8uUSv6fcCdYJTN7Bg==",
                "dependencies": {
                    "System.Composition.Runtime": "7.0.0"
                }
            },
            "System.Composition.Runtime": {
                "type": "Transitive",
                "resolved": "7.0.0",
                "contentHash": "aZJ1Zr5Txe925rbo4742XifEyW0MIni1eiUebmcrP3HwLXZ3IbXUj4MFMUH/RmnJOAQiS401leg/2Sz1MkApDw=="
            },
            "System.Composition.TypedParts": {
                "type": "Transitive",
                "resolved": "7.0.0",
                "contentHash": "ZK0KNPfbtxVceTwh+oHNGUOYV2WNOHReX2AXipuvkURC7s/jPwoWfsu3SnDBDgofqbiWr96geofdQ2erm/KTHg==",
                "dependencies": {
                    "System.Composition.AttributedModel": "7.0.0",
                    "System.Composition.Hosting": "7.0.0",
                    "System.Composition.Runtime": "7.0.0"
                }
            },
            "System.Diagnostics.DiagnosticSource": {
                "type": "Transitive",
                "resolved": "10.0.0",
                "contentHash": "0KdBK+h7G13PuOSC2R/DalAoFMvdYMznvGRuICtkdcUMXgl/gYXsG6z4yUvTxHSMACorWgHCU1Faq0KUHU6yAQ=="
            },
            "System.IdentityModel.Tokens.Jwt": {
                "type": "Transitive",
                "resolved": "8.0.1",
                "contentHash": "GJw3bYkWpOgvN3tJo5X4lYUeIFA2HD293FPUhKmp7qxS+g5ywAb34Dnd3cDAFLkcMohy5XTpoaZ4uAHuw0uSPQ==",
                "dependencies": {
                    "Microsoft.IdentityModel.JsonWebTokens": "8.0.1",
                    "Microsoft.IdentityModel.Tokens": "8.0.1"
                }
            },
            "System.IO.Pipelines": {
                "type": "Transitive",
                "resolved": "7.0.0",
                "contentHash": "jRn6JYnNPW6xgQazROBLSfpdoczRw694vO5kKvMcNnpXuolEixUyw6IBuBs2Y2mlSX/LdLvyyWmfXhaI3ND1Yg=="
            },
            "System.Reflection.Metadata": {
                "type": "Transitive",
                "resolved": "7.0.0",
                "contentHash": "MclTG61lsD9sYdpNz9xsKBzjsmsfCtcMZYXz/IUr2zlhaTaABonlr1ESeompTgM+Xk+IwtGYU7/voh3YWB/fWw==",
                "dependencies": {
                    "System.Collections.Immutable": "7.0.0"
                }
            },
            "System.Runtime.CompilerServices.Unsafe": {
                "type": "Transitive",
                "resolved": "6.0.0",
                "contentHash": "/iUeP3tq1S0XdNNoMz5C9twLSrM/TH+qElHkXWaPvuNOt+99G75NrV0OS2EqHx5wMN7popYjpc8oTjC1y16DLg=="
            },
            "System.Text.Json": {
                "type": "Transitive",
                "resolved": "9.0.10",
                "contentHash": "XM02ZBnzxk7Ti6l9YRy8Bp639wANqJzJzw4W4VYiCh+HXY9hBOWkGB4k89OLP/s/RxgM02P4a/mWcJTgFiLf1Q=="
            },
            "System.Threading.Channels": {
                "type": "Transitive",
                "resolved": "7.0.0",
                "contentHash": "qmeeYNROMsONF6ndEZcIQ+VxR4Q/TX/7uIVLJqtwIWL7dDWeh0l1UIqgo4wYyjG//5lUNhwkLDSFl+pAWO6oiA=="
            }
        }
    }
}
